// !$*UTF8*$!
{
	archiveVersion = 1;
	classes = {
	};
	objectVersion = 46;
	objects = {

/* Begin PBXBuildFile section */
		520073681AB978F900A12934 /* main.m in Sources */ = {isa = PBXBuildFile; fileRef = 520073671AB978F900A12934 /* main.m */; };
		5200736B1AB978F900A12934 /* AppDelegate.m in Sources */ = {isa = PBXBuildFile; fileRef = 5200736A1AB978F900A12934 /* AppDelegate.m */; };
		5200736E1AB978F900A12934 /* ViewController.m in Sources */ = {isa = PBXBuildFile; fileRef = 5200736D1AB978F900A12934 /* ViewController.m */; };
		520073711AB978F900A12934 /* Main.storyboard in Resources */ = {isa = PBXBuildFile; fileRef = 5200736F1AB978F900A12934 /* Main.storyboard */; };
		520073731AB978F900A12934 /* Images.xcassets in Resources */ = {isa = PBXBuildFile; fileRef = 520073721AB978F900A12934 /* Images.xcassets */; };
		520073761AB978F900A12934 /* LaunchScreen.xib in Resources */ = {isa = PBXBuildFile; fileRef = 520073741AB978F900A12934 /* LaunchScreen.xib */; };
		520073821AB978F900A12934 /* New_graphTests.m in Sources */ = {isa = PBXBuildFile; fileRef = 520073811AB978F900A12934 /* New_graphTests.m */; };
		5200738D1AB979B800A12934 /* graph_view.m in Sources */ = {isa = PBXBuildFile; fileRef = 5200738C1AB979B800A12934 /* graph_view.m */; };
		D3A6598C1AE7A283002FDD91 /* drop.png in Resources */ = {isa = PBXBuildFile; fileRef = D3A6598B1AE7A283002FDD91 /* drop.png */; };
/* End PBXBuildFile section */

/* Begin PBXContainerItemProxy section */
		5200737C1AB978F900A12934 /* PBXContainerItemProxy */ = {
			isa = PBXContainerItemProxy;
			containerPortal = 5200735A1AB978F800A12934 /* Project object */;
			proxyType = 1;
			remoteGlobalIDString = 520073611AB978F900A12934;
			remoteInfo = New_graph;
		};
/* End PBXContainerItemProxy section */

/* Begin PBXFileReference section */
		520073621AB978F900A12934 /* New_graph.app */ = {isa = PBXFileReference; explicitFileType = wrapper.application; includeInIndex = 0; path = New_graph.app; sourceTree = BUILT_PRODUCTS_DIR; };
		520073661AB978F900A12934 /* Info.plist */ = {isa = PBXFileReference; lastKnownFileType = text.plist.xml; path = Info.plist; sourceTree = "<group>"; };
		520073671AB978F900A12934 /* main.m */ = {isa = PBXFileReference; lastKnownFileType = sourcecode.c.objc; path = main.m; sourceTree = "<group>"; };
		520073691AB978F900A12934 /* AppDelegate.h */ = {isa = PBXFileReference; lastKnownFileType = sourcecode.c.h; path = AppDelegate.h; sourceTree = "<group>"; };
		5200736A1AB978F900A12934 /* AppDelegate.m */ = {isa = PBXFileReference; lastKnownFileType = sourcecode.c.objc; path = AppDelegate.m; sourceTree = "<group>"; };
		5200736C1AB978F900A12934 /* ViewController.h */ = {isa = PBXFileReference; lastKnownFileType = sourcecode.c.h; path = ViewController.h; sourceTree = "<group>"; };
		5200736D1AB978F900A12934 /* ViewController.m */ = {isa = PBXFileReference; lastKnownFileType = sourcecode.c.objc; path = ViewController.m; sourceTree = "<group>"; };
		520073701AB978F900A12934 /* Base */ = {isa = PBXFileReference; lastKnownFileType = file.storyboard; name = Base; path = Base.lproj/Main.storyboard; sourceTree = "<group>"; };
		520073721AB978F900A12934 /* Images.xcassets */ = {isa = PBXFileReference; lastKnownFileType = folder.assetcatalog; path = Images.xcassets; sourceTree = "<group>"; };
		520073751AB978F900A12934 /* Base */ = {isa = PBXFileReference; lastKnownFileType = file.xib; name = Base; path = Base.lproj/LaunchScreen.xib; sourceTree = "<group>"; };
		5200737B1AB978F900A12934 /* New_graphTests.xctest */ = {isa = PBXFileReference; explicitFileType = wrapper.cfbundle; includeInIndex = 0; path = New_graphTests.xctest; sourceTree = BUILT_PRODUCTS_DIR; };
		520073801AB978F900A12934 /* Info.plist */ = {isa = PBXFileReference; lastKnownFileType = text.plist.xml; path = Info.plist; sourceTree = "<group>"; };
		520073811AB978F900A12934 /* New_graphTests.m */ = {isa = PBXFileReference; lastKnownFileType = sourcecode.c.objc; path = New_graphTests.m; sourceTree = "<group>"; };
		5200738B1AB979B800A12934 /* graph_view.h */ = {isa = PBXFileReference; fileEncoding = 4; lastKnownFileType = sourcecode.c.h; path = graph_view.h; sourceTree = "<group>"; };
		5200738C1AB979B800A12934 /* graph_view.m */ = {isa = PBXFileReference; fileEncoding = 4; lastKnownFileType = sourcecode.c.objc; path = graph_view.m; sourceTree = "<group>"; };
		D3A6598B1AE7A283002FDD91 /* drop.png */ = {isa = PBXFileReference; lastKnownFileType = image.png; path = drop.png; sourceTree = "<group>"; };
/* End PBXFileReference section */

/* Begin PBXFrameworksBuildPhase section */
		5200735F1AB978F900A12934 /* Frameworks */ = {
			isa = PBXFrameworksBuildPhase;
			buildActionMask = 2147483647;
			files = (
			);
			runOnlyForDeploymentPostprocessing = 0;
		};
		520073781AB978F900A12934 /* Frameworks */ = {
			isa = PBXFrameworksBuildPhase;
			buildActionMask = 2147483647;
			files = (
			);
			runOnlyForDeploymentPostprocessing = 0;
		};
/* End PBXFrameworksBuildPhase section */

/* Begin PBXGroup section */
		520073591AB978F800A12934 = {
			isa = PBXGroup;
			children = (
				520073641AB978F900A12934 /* New_graph */,
				5200737E1AB978F900A12934 /* New_graphTests */,
				520073631AB978F900A12934 /* Products */,
			);
			sourceTree = "<group>";
		};
		520073631AB978F900A12934 /* Products */ = {
			isa = PBXGroup;
			children = (
				520073621AB978F900A12934 /* New_graph.app */,
				5200737B1AB978F900A12934 /* New_graphTests.xctest */,
			);
			name = Products;
			sourceTree = "<group>";
		};
		520073641AB978F900A12934 /* New_graph */ = {
			isa = PBXGroup;
			children = (
				520073691AB978F900A12934 /* AppDelegate.h */,
				5200736A1AB978F900A12934 /* AppDelegate.m */,
				5200736C1AB978F900A12934 /* ViewController.h */,
				5200736D1AB978F900A12934 /* ViewController.m */,
				5200738B1AB979B800A12934 /* graph_view.h */,
				5200738C1AB979B800A12934 /* graph_view.m */,
				5200736F1AB978F900A12934 /* Main.storyboard */,
				520073721AB978F900A12934 /* Images.xcassets */,
				520073741AB978F900A12934 /* LaunchScreen.xib */,
				D3A659891AE7A283002FDD91 /* Resources */,
				520073651AB978F900A12934 /* Supporting Files */,
			);
			path = New_graph;
			sourceTree = "<group>";
		};
		520073651AB978F900A12934 /* Supporting Files */ = {
			isa = PBXGroup;
			children = (
				520073661AB978F900A12934 /* Info.plist */,
				520073671AB978F900A12934 /* main.m */,
			);
			name = "Supporting Files";
			sourceTree = "<group>";
		};
		5200737E1AB978F900A12934 /* New_graphTests */ = {
			isa = PBXGroup;
			children = (
				520073811AB978F900A12934 /* New_graphTests.m */,
				5200737F1AB978F900A12934 /* Supporting Files */,
			);
			path = New_graphTests;
			sourceTree = "<group>";
		};
		5200737F1AB978F900A12934 /* Supporting Files */ = {
			isa = PBXGroup;
			children = (
				520073801AB978F900A12934 /* Info.plist */,
			);
			name = "Supporting Files";
			sourceTree = "<group>";
		};
		D3A659891AE7A283002FDD91 /* Resources */ = {
			isa = PBXGroup;
			children = (
				D3A6598A1AE7A283002FDD91 /* Images */,
			);
			path = Resources;
			sourceTree = "<group>";
		};
		D3A6598A1AE7A283002FDD91 /* Images */ = {
			isa = PBXGroup;
			children = (
				D3A6598B1AE7A283002FDD91 /* drop.png */,
			);
			path = Images;
			sourceTree = "<group>";
		};
/* End PBXGroup section */

/* Begin PBXNativeTarget section */
		520073611AB978F900A12934 /* New_graph */ = {
			isa = PBXNativeTarget;
			buildConfigurationList = 520073851AB978F900A12934 /* Build configuration list for PBXNativeTarget "New_graph" */;
			buildPhases = (
				5200735E1AB978F900A12934 /* Sources */,
				5200735F1AB978F900A12934 /* Frameworks */,
				520073601AB978F900A12934 /* Resources */,
			);
			buildRules = (
			);
			dependencies = (
			);
			name = New_graph;
			productName = New_graph;
			productReference = 520073621AB978F900A12934 /* New_graph.app */;
			productType = "com.apple.product-type.application";
		};
		5200737A1AB978F900A12934 /* New_graphTests */ = {
			isa = PBXNativeTarget;
			buildConfigurationList = 520073881AB978F900A12934 /* Build configuration list for PBXNativeTarget "New_graphTests" */;
			buildPhases = (
				520073771AB978F900A12934 /* Sources */,
				520073781AB978F900A12934 /* Frameworks */,
				520073791AB978F900A12934 /* Resources */,
			);
			buildRules = (
			);
			dependencies = (
				5200737D1AB978F900A12934 /* PBXTargetDependency */,
			);
			name = New_graphTests;
			productName = New_graphTests;
			productReference = 5200737B1AB978F900A12934 /* New_graphTests.xctest */;
			productType = "com.apple.product-type.bundle.unit-test";
		};
/* End PBXNativeTarget section */

/* Begin PBXProject section */
		5200735A1AB978F800A12934 /* Project object */ = {
			isa = PBXProject;
			attributes = {
				LastUpgradeCheck = 0600;
				ORGANIZATIONNAME = Test;
				TargetAttributes = {
					520073611AB978F900A12934 = {
						CreatedOnToolsVersion = 6.0;
					};
					5200737A1AB978F900A12934 = {
						CreatedOnToolsVersion = 6.0;
						TestTargetID = 520073611AB978F900A12934;
					};
				};
			};
			buildConfigurationList = 5200735D1AB978F800A12934 /* Build configuration list for PBXProject "New_graph" */;
			compatibilityVersion = "Xcode 3.2";
			developmentRegion = English;
			hasScannedForEncodings = 0;
			knownRegions = (
				en,
				Base,
			);
			mainGroup = 520073591AB978F800A12934;
			productRefGroup = 520073631AB978F900A12934 /* Products */;
			projectDirPath = "";
			projectRoot = "";
			targets = (
				520073611AB978F900A12934 /* New_graph */,
				5200737A1AB978F900A12934 /* New_graphTests */,
			);
		};
/* End PBXProject section */

/* Begin PBXResourcesBuildPhase section */
		520073601AB978F900A12934 /* Resources */ = {
			isa = PBXResourcesBuildPhase;
			buildActionMask = 2147483647;
			files = (
				D3A6598C1AE7A283002FDD91 /* drop.png in Resources */,
				520073711AB978F900A12934 /* Main.storyboard in Resources */,
				520073761AB978F900A12934 /* LaunchScreen.xib in Resources */,
				520073731AB978F900A12934 /* Images.xcassets in Resources */,
			);
			runOnlyForDeploymentPostprocessing = 0;
		};
		520073791AB978F900A12934 /* Resources */ = {
			isa = PBXResourcesBuildPhase;
			buildActionMask = 2147483647;
			files = (
			);
			runOnlyForDeploymentPostprocessing = 0;
		};
/* End PBXResourcesBuildPhase section */

/* Begin PBXSourcesBuildPhase section */
		5200735E1AB978F900A12934 /* Sources */ = {
			isa = PBXSourcesBuildPhase;
			buildActionMask = 2147483647;
			files = (
				5200736E1AB978F900A12934 /* ViewController.m in Sources */,
				5200736B1AB978F900A12934 /* AppDelegate.m in Sources */,
				520073681AB978F900A12934 /* main.m in Sources */,
				5200738D1AB979B800A12934 /* graph_view.m in Sources */,
			);
			runOnlyForDeploymentPostprocessing = 0;
		};
		520073771AB978F900A12934 /* Sources */ = {
			isa = PBXSourcesBuildPhase;
			buildActionMask = 2147483647;
			files = (
				520073821AB978F900A12934 /* New_graphTests.m in Sources */,
			);
			runOnlyForDeploymentPostprocessing = 0;
		};
/* End PBXSourcesBuildPhase section */

/* Begin PBXTargetDependency section */
		5200737D1AB978F900A12934 /* PBXTargetDependency */ = {
			isa = PBXTargetDependency;
			target = 520073611AB978F900A12934 /* New_graph */;
			targetProxy = 5200737C1AB978F900A12934 /* PBXContainerItemProxy */;
		};
/* End PBXTargetDependency section */

/* Begin PBXVariantGroup section */
		5200736F1AB978F900A12934 /* Main.storyboard */ = {
			isa = PBXVariantGroup;
			children = (
				520073701AB978F900A12934 /* Base */,
			);
			name = Main.storyboard;
			sourceTree = "<group>";
		};
		520073741AB978F900A12934 /* LaunchScreen.xib */ = {
			isa = PBXVariantGroup;
			children = (
				520073751AB978F900A12934 /* Base */,
			);
			name = LaunchScreen.xib;
			sourceTree = "<group>";
		};
/* End PBXVariantGroup section */

/* Begin XCBuildConfiguration section */
		520073831AB978F900A12934 /* Debug */ = {
			isa = XCBuildConfiguration;
			buildSettings = {
				ALWAYS_SEARCH_USER_PATHS = NO;
				CLANG_CXX_LANGUAGE_STANDARD = "gnu++0x";
				CLANG_CXX_LIBRARY = "libc++";
				CLANG_ENABLE_MODULES = YES;
				CLANG_ENABLE_OBJC_ARC = YES;
				CLANG_WARN_BOOL_CONVERSION = YES;
				CLANG_WARN_CONSTANT_CONVERSION = YES;
				CLANG_WARN_DIRECT_OBJC_ISA_USAGE = YES_ERROR;
				CLANG_WARN_EMPTY_BODY = YES;
				CLANG_WARN_ENUM_CONVERSION = YES;
				CLANG_WARN_INT_CONVERSION = YES;
				CLANG_WARN_OBJC_ROOT_CLASS = YES_ERROR;
				CLANG_WARN_UNREACHABLE_CODE = YES;
				CLANG_WARN__DUPLICATE_METHOD_MATCH = YES;
				"CODE_SIGN_IDENTITY[sdk=iphoneos*]" = "iPhone Developer";
				COPY_PHASE_STRIP = NO;
				ENABLE_STRICT_OBJC_MSGSEND = YES;
				GCC_C_LANGUAGE_STANDARD = gnu99;
				GCC_DYNAMIC_NO_PIC = NO;
				GCC_OPTIMIZATION_LEVEL = 0;
				GCC_PREPROCESSOR_DEFINITIONS = (
					"DEBUG=1",
					"$(inherited)",
				);
				GCC_SYMBOLS_PRIVATE_EXTERN = NO;
				GCC_WARN_64_TO_32_BIT_CONVERSION = YES;
				GCC_WARN_ABOUT_RETURN_TYPE = YES_ERROR;
				GCC_WARN_UNDECLARED_SELECTOR = YES;
				GCC_WARN_UNINITIALIZED_AUTOS = YES_AGGRESSIVE;
				GCC_WARN_UNUSED_FUNCTION = YES;
				GCC_WARN_UNUSED_VARIABLE = YES;
				IPHONEOS_DEPLOYMENT_TARGET = 8.0;
				MTL_ENABLE_DEBUG_INFO = YES;
				ONLY_ACTIVE_ARCH = YES;
				SDKROOT = iphoneos;
				TARGETED_DEVICE_FAMILY = "1,2";
			};
			name = Debug;
		};
		520073841AB978F900A12934 /* Release */ = {
			isa = XCBuildConfiguration;
			buildSettings = {
				ALWAYS_SEARCH_USER_PATHS = NO;
				CLANG_CXX_LANGUAGE_STANDARD = "gnu++0x";
				CLANG_CXX_LIBRARY = "libc++";
				CLANG_ENABLE_MODULES = YES;
				CLANG_ENABLE_OBJC_ARC = YES;
				CLANG_WARN_BOOL_CONVERSION = YES;
				CLANG_WARN_CONSTANT_CONVERSION = YES;
				CLANG_WARN_DIRECT_OBJC_ISA_USAGE = YES_ERROR;
				CLANG_WARN_EMPTY_BODY = YES;
				CLANG_WARN_ENUM_CONVERSION = YES;
				CLANG_WARN_INT_CONVERSION = YES;
				CLANG_WARN_OBJC_ROOT_CLASS = YES_ERROR;
				CLANG_WARN_UNREACHABLE_CODE = YES;
				CLANG_WARN__DUPLICATE_METHOD_MATCH = YES;
				"CODE_SIGN_IDENTITY[sdk=iphoneos*]" = "iPhone Developer";
				COPY_PHASE_STRIP = YES;
				ENABLE_NS_ASSERTIONS = NO;
				ENABLE_STRICT_OBJC_MSGSEND = YES;
				GCC_C_LANGUAGE_STANDARD = gnu99;
				GCC_WARN_64_TO_32_BIT_CONVERSION = YES;
				GCC_WARN_ABOUT_RETURN_TYPE = YES_ERROR;
				GCC_WARN_UNDECLARED_SELECTOR = YES;
				GCC_WARN_UNINITIALIZED_AUTOS = YES_AGGRESSIVE;
				GCC_WARN_UNUSED_FUNCTION = YES;
				GCC_WARN_UNUSED_VARIABLE = YES;
				IPHONEOS_DEPLOYMENT_TARGET = 8.0;
				MTL_ENABLE_DEBUG_INFO = NO;
				SDKROOT = iphoneos;
				TARGETED_DEVICE_FAMILY = "1,2";
				VALIDATE_PRODUCT = YES;
			};
			name = Release;
		};
		520073861AB978F900A12934 /* Debug */ = {
			isa = XCBuildConfiguration;
			buildSettings = {
				ASSETCATALOG_COMPILER_APPICON_NAME = AppIcon;
				INFOPLIST_FILE = New_graph/Info.plist;
				LD_RUNPATH_SEARCH_PATHS = "$(inherited) @executable_path/Frameworks";
				PRODUCT_NAME = "$(TARGET_NAME)";
			};
			name = Debug;
		};
		520073871AB978F900A12934 /* Release */ = {
			isa = XCBuildConfiguration;
			buildSettings = {
				ASSETCATALOG_COMPILER_APPICON_NAME = AppIcon;
				INFOPLIST_FILE = New_graph/Info.plist;
				LD_RUNPATH_SEARCH_PATHS = "$(inherited) @executable_path/Frameworks";
				PRODUCT_NAME = "$(TARGET_NAME)";
			};
			name = Release;
		};
		520073891AB978F900A12934 /* Debug */ = {
			isa = XCBuildConfiguration;
			buildSettings = {
				BUNDLE_LOADER = "$(TEST_HOST)";
				FRAMEWORK_SEARCH_PATHS = (
					"$(SDKROOT)/Developer/Library/Frameworks",
					"$(inherited)",
				);
				GCC_PREPROCESSOR_DEFINITIONS = (
					"DEBUG=1",
					"$(inherited)",
				);
				INFOPLIST_FILE = New_graphTests/Info.plist;
				LD_RUNPATH_SEARCH_PATHS = "$(inherited) @executable_path/Frameworks @loader_path/Frameworks";
				PRODUCT_NAME = "$(TARGET_NAME)";
				TEST_HOST = "$(BUILT_PRODUCTS_DIR)/New_graph.app/New_graph";
			};
			name = Debug;
		};
		5200738A1AB978F900A12934 /* Release */ = {
			isa = XCBuildConfiguration;
			buildSettings = {
				BUNDLE_LOADER = "$(TEST_HOST)";
				FRAMEWORK_SEARCH_PATHS = (
					"$(SDKROOT)/Developer/Library/Frameworks",
					"$(inherited)",
				);
				INFOPLIST_FILE = New_graphTests/Info.plist;
				LD_RUNPATH_SEARCH_PATHS = "$(inherited) @executable_path/Frameworks @loader_path/Frameworks";
				PRODUCT_NAME = "$(TARGET_NAME)";
				TEST_HOST = "$(BUILT_PRODUCTS_DIR)/New_graph.app/New_graph";
			};
			name = Release;
		};
/* End XCBuildConfiguration section */

/* Begin XCConfigurationList section */
		5200735D1AB978F800A12934 /* Build configuration list for PBXProject "New_graph" */ = {
			isa = XCConfigurationList;
			buildConfigurations = (
				520073831AB978F900A12934 /* Debug */,
				520073841AB978F900A12934 /* Release */,
			);
			defaultConfigurationIsVisible = 0;
			defaultConfigurationName = Release;
		};
		520073851AB978F900A12934 /* Build configuration list for PBXNativeTarget "New_graph" */ = {
			isa = XCConfigurationList;
			buildConfigurations = (
				520073861AB978F900A12934 /* Debug */,
				520073871AB978F900A12934 /* Release */,
			);
			defaultConfigurationIsVisible = 0;
			defaultConfigurationName = Release;
		};
		520073881AB978F900A12934 /* Build configuration list for PBXNativeTarget "New_graphTests" */ = {
			isa = XCConfigurationList;
			buildConfigurations = (
				520073891AB978F900A12934 /* Debug */,
				5200738A1AB978F900A12934 /* Release */,
			);
			defaultConfigurationIsVisible = 0;
			defaultConfigurationName = Release;
		};
/* End XCConfigurationList section */
	};
	rootObject = 5200735A1AB978F800A12934 /* Project object */;
}
